
Microsoft Visual Studio Solution File, Format Version 11.00
# Visual Studio 2010
Project("{FAE04EC0-301F-11D3-BF4B-00C04F79EFBC}") = "Assembly-CSharp", "Assembly-CSharp.csproj", "{d560fdb8-85e6-cd55-9d6a-0a0bcfe8a248}"
EndProject
Global
	GlobalSection(SolutionConfigurationPlatforms) = preSolution
		Debug|Any CPU = Debug|Any CPU
		Release|Any CPU = Release|Any CPU
	EndGlobalSection
	GlobalSection(ProjectConfigurationPlatforms) = postSolution
		{d560fdb8-85e6-cd55-9d6a-0a0bcfe8a248}.Debug|Any CPU.ActiveCfg = Debug|Any CPU
		{d560fdb8-85e6-cd55-9d6a-0a0bcfe8a248}.Debug|Any CPU.Build.0 = Debug|Any CPU
		{d560fdb8-85e6-cd55-9d6a-0a0bcfe8a248}.Release|Any CPU.ActiveCfg = Release|Any CPU
		{d560fdb8-85e6-cd55-9d6a-0a0bcfe8a248}.Release|Any CPU.Build.0 = Release|Any CPU
	EndGlobalSection
	GlobalSection(SolutionProperties) = preSolution
		HideSolutionNode = FALSE
	EndGlobalSection
EndGlobal
